
Microsoft Visual Studio Solution File, Format Version 12.00
# Visual Studio Version 16
VisualStudioVersion = 16.0.30330.147
MinimumVisualStudioVersion = 10.0.40219.1
Project("{9A19103F-16F7-4668-BE54-9A1E7A4F7556}") = "Toystore", "Toystore\Toystore.csproj", "{FF430135-B7C6-453A-9142-E1BF620E1BCB}"
EndProject
Global
	GlobalSection(SolutionConfigurationPlatforms) = preSolution
		Debug|Any CPU = Debug|Any CPU
		Release|Any CPU = Release|Any CPU
	EndGlobalSection
	GlobalSection(ProjectConfigurationPlatforms) = postSolution
		{FF430135-B7C6-453A-9142-E1BF620E1BCB}.Debug|Any CPU.ActiveCfg = Debug|Any CPU
		{FF430135-B7C6-453A-9142-E1BF620E1BCB}.Debug|Any CPU.Build.0 = Debug|Any CPU
		{FF430135-B7C6-453A-9142-E1BF620E1BCB}.Release|Any CPU.ActiveCfg = Release|Any CPU
		{FF430135-B7C6-453A-9142-E1BF620E1BCB}.Release|Any CPU.Build.0 = Release|Any CPU
	EndGlobalSection
	GlobalSection(SolutionProperties) = preSolution
		HideSolutionNode = FALSE
	EndGlobalSection
	GlobalSection(ExtensibilityGlobals) = postSolution
		SolutionGuid = {887991E4-CE4A-44D1-9CB8-3C2DE39FEC85}
	EndGlobalSection
EndGlobal
